
Microsoft Visual Studio Solution File, Format Version 12.00
# Visual Studio Version 16
VisualStudioVersion = 16.0.30114.105
MinimumVisualStudioVersion = 15.0.26124.0
Project("{9A19103F-16F7-4668-BE54-9A1E7A4F7556}") = "User.Api", "User.Api\User.Api.csproj", "{970B23AE-1940-4294-8F89-080D0FB45FA6}"
EndProject
Project("{9A19103F-16F7-4668-BE54-9A1E7A4F7556}") = "User.Domain", "User.Domain\User.Domain.csproj", "{16ACFC45-FC2F-40B2-9D92-82CA663B46CB}"
EndProject
Project("{9A19103F-16F7-4668-BE54-9A1E7A4F7556}") = "User.Infra", "User.Infra\User.Infra.csproj", "{CBFE8A1B-1A48-4750-AE05-82B485BC962A}"
EndProject
Global
	GlobalSection(SolutionConfigurationPlatforms) = preSolution
		Debug|Any CPU = Debug|Any CPU
		Debug|x64 = Debug|x64
		Debug|x86 = Debug|x86
		Release|Any CPU = Release|Any CPU
		Release|x64 = Release|x64
		Release|x86 = Release|x86
	EndGlobalSection
	GlobalSection(ProjectConfigurationPlatforms) = postSolution
		{970B23AE-1940-4294-8F89-080D0FB45FA6}.Debug|Any CPU.ActiveCfg = Debug|Any CPU
		{970B23AE-1940-4294-8F89-080D0FB45FA6}.Debug|Any CPU.Build.0 = Debug|Any CPU
		{970B23AE-1940-4294-8F89-080D0FB45FA6}.Debug|x64.ActiveCfg = Debug|Any CPU
		{970B23AE-1940-4294-8F89-080D0FB45FA6}.Debug|x64.Build.0 = Debug|Any CPU
		{970B23AE-1940-4294-8F89-080D0FB45FA6}.Debug|x86.ActiveCfg = Debug|Any CPU
		{970B23AE-1940-4294-8F89-080D0FB45FA6}.Debug|x86.Build.0 = Debug|Any CPU
		{970B23AE-1940-4294-8F89-080D0FB45FA6}.Release|Any CPU.ActiveCfg = Release|Any CPU
		{970B23AE-1940-4294-8F89-080D0FB45FA6}.Release|Any CPU.Build.0 = Release|Any CPU
		{970B23AE-1940-4294-8F89-080D0FB45FA6}.Release|x64.ActiveCfg = Release|Any CPU
		{970B23AE-1940-4294-8F89-080D0FB45FA6}.Release|x64.Build.0 = Release|Any CPU
		{970B23AE-1940-4294-8F89-080D0FB45FA6}.Release|x86.ActiveCfg = Release|Any CPU
		{970B23AE-1940-4294-8F89-080D0FB45FA6}.Release|x86.Build.0 = Release|Any CPU
		{16ACFC45-FC2F-40B2-9D92-82CA663B46CB}.Debug|Any CPU.ActiveCfg = Debug|Any CPU
		{16ACFC45-FC2F-40B2-9D92-82CA663B46CB}.Debug|Any CPU.Build.0 = Debug|Any CPU
		{16ACFC45-FC2F-40B2-9D92-82CA663B46CB}.Debug|x64.ActiveCfg = Debug|Any CPU
		{16ACFC45-FC2F-40B2-9D92-82CA663B46CB}.Debug|x64.Build.0 = Debug|Any CPU
		{16ACFC45-FC2F-40B2-9D92-82CA663B46CB}.Debug|x86.ActiveCfg = Debug|Any CPU
		{16ACFC45-FC2F-40B2-9D92-82CA663B46CB}.Debug|x86.Build.0 = Debug|Any CPU
		{16ACFC45-FC2F-40B2-9D92-82CA663B46CB}.Release|Any CPU.ActiveCfg = Release|Any CPU
		{16ACFC45-FC2F-40B2-9D92-82CA663B46CB}.Release|Any CPU.Build.0 = Release|Any CPU
		{16ACFC45-FC2F-40B2-9D92-82CA663B46CB}.Release|x64.ActiveCfg = Release|Any CPU
		{16ACFC45-FC2F-40B2-9D92-82CA663B46CB}.Release|x64.Build.0 = Release|Any CPU
		{16ACFC45-FC2F-40B2-9D92-82CA663B46CB}.Release|x86.ActiveCfg = Release|Any CPU
		{16ACFC45-FC2F-40B2-9D92-82CA663B46CB}.Release|x86.Build.0 = Release|Any CPU
		{CBFE8A1B-1A48-4750-AE05-82B485BC962A}.Debug|Any CPU.ActiveCfg = Debug|Any CPU
		{CBFE8A1B-1A48-4750-AE05-82B485BC962A}.Debug|Any CPU.Build.0 = Debug|Any CPU
		{CBFE8A1B-1A48-4750-AE05-82B485BC962A}.Debug|x64.ActiveCfg = Debug|Any CPU
		{CBFE8A1B-1A48-4750-AE05-82B485BC962A}.Debug|x64.Build.0 = Debug|Any CPU
		{CBFE8A1B-1A48-4750-AE05-82B485BC962A}.Debug|x86.ActiveCfg = Debug|Any CPU
		{CBFE8A1B-1A48-4750-AE05-82B485BC962A}.Debug|x86.Build.0 = Debug|Any CPU
		{CBFE8A1B-1A48-4750-AE05-82B485BC962A}.Release|Any CPU.ActiveCfg = Release|Any CPU
		{CBFE8A1B-1A48-4750-AE05-82B485BC962A}.Release|Any CPU.Build.0 = Release|Any CPU
		{CBFE8A1B-1A48-4750-AE05-82B485BC962A}.Release|x64.ActiveCfg = Release|Any CPU
		{CBFE8A1B-1A48-4750-AE05-82B485BC962A}.Release|x64.Build.0 = Release|Any CPU
		{CBFE8A1B-1A48-4750-AE05-82B485BC962A}.Release|x86.ActiveCfg = Release|Any CPU
		{CBFE8A1B-1A48-4750-AE05-82B485BC962A}.Release|x86.Build.0 = Release|Any CPU
	EndGlobalSection
	GlobalSection(SolutionProperties) = preSolution
		HideSolutionNode = FALSE
	EndGlobalSection
	GlobalSection(ExtensibilityGlobals) = postSolution
		SolutionGuid = {6DE03738-344D-4281-AC02-88BF2F758EEE}
	EndGlobalSection
EndGlobal
